
Microsoft Visual Studio Solution File, Format Version 12.00
# Visual Studio Version 16
VisualStudioVersion = 16.0.29326.143
MinimumVisualStudioVersion = 10.0.40219.1
Project("{FAE04EC0-301F-11D3-BF4B-00C04F79EFBC}") = "Dashboard1PrismTemplate", "Dashboard1PrismTemplate\Dashboard1PrismTemplate.csproj", "{1A662155-6ACB-4662-BB46-9BE6A3E253CE}"
EndProject
Project("{FAE04EC0-301F-11D3-BF4B-00C04F79EFBC}") = "Main", "Main\Main.csproj", "{A5C0CE20-171F-41D0-BE7A-3B9EAF56DCD3}"
EndProject
Global
	GlobalSection(SolutionConfigurationPlatforms) = preSolution
		Debug|Any CPU = Debug|Any CPU
		Release|Any CPU = Release|Any CPU
	EndGlobalSection
	GlobalSection(ProjectConfigurationPlatforms) = postSolution
		{1A662155-6ACB-4662-BB46-9BE6A3E253CE}.Debug|Any CPU.ActiveCfg = Debug|Any CPU
		{1A662155-6ACB-4662-BB46-9BE6A3E253CE}.Debug|Any CPU.Build.0 = Debug|Any CPU
		{1A662155-6ACB-4662-BB46-9BE6A3E253CE}.Release|Any CPU.ActiveCfg = Release|Any CPU
		{1A662155-6ACB-4662-BB46-9BE6A3E253CE}.Release|Any CPU.Build.0 = Release|Any CPU
		{A5C0CE20-171F-41D0-BE7A-3B9EAF56DCD3}.Debug|Any CPU.ActiveCfg = Debug|Any CPU
		{A5C0CE20-171F-41D0-BE7A-3B9EAF56DCD3}.Debug|Any CPU.Build.0 = Debug|Any CPU
		{A5C0CE20-171F-41D0-BE7A-3B9EAF56DCD3}.Release|Any CPU.ActiveCfg = Release|Any CPU
		{A5C0CE20-171F-41D0-BE7A-3B9EAF56DCD3}.Release|Any CPU.Build.0 = Release|Any CPU
	EndGlobalSection
	GlobalSection(SolutionProperties) = preSolution
		HideSolutionNode = FALSE
	EndGlobalSection
	GlobalSection(ExtensibilityGlobals) = postSolution
		SolutionGuid = {C9E84FA8-EBA7-4AFD-A59D-4104E39C0300}
	EndGlobalSection
EndGlobal
